
Microsoft Visual Studio Solution File, Format Version 12.00
# Visual Studio Version 17
VisualStudioVersion = 17.9.34616.47
MinimumVisualStudioVersion = 10.0.40219.1
Project("{FAE04EC0-301F-11D3-BF4B-00C04F79EFBC}") = "sistema-de-votacao", "sistema-de-votacao\sistema-de-votacao.csproj", "{EF1891B4-FA6C-439E-BCAC-6B21309126CC}"
EndProject
Global
	GlobalSection(SolutionConfigurationPlatforms) = preSolution
		Debug|Any CPU = Debug|Any CPU
		Release|Any CPU = Release|Any CPU
	EndGlobalSection
	GlobalSection(ProjectConfigurationPlatforms) = postSolution
		{EF1891B4-FA6C-439E-BCAC-6B21309126CC}.Debug|Any CPU.ActiveCfg = Debug|Any CPU
		{EF1891B4-FA6C-439E-BCAC-6B21309126CC}.Debug|Any CPU.Build.0 = Debug|Any CPU
		{EF1891B4-FA6C-439E-BCAC-6B21309126CC}.Release|Any CPU.ActiveCfg = Release|Any CPU
		{EF1891B4-FA6C-439E-BCAC-6B21309126CC}.Release|Any CPU.Build.0 = Release|Any CPU
	EndGlobalSection
	GlobalSection(SolutionProperties) = preSolution
		HideSolutionNode = FALSE
	EndGlobalSection
	GlobalSection(ExtensibilityGlobals) = postSolution
		SolutionGuid = {AB86EFAF-6455-4BCB-8C16-53E1F2687B8E}
	EndGlobalSection
EndGlobal
